// !$*UTF8*$!
{
	archiveVersion = 1;
	classes = {
	};
	objectVersion = 50;
	objects = {

/* Begin PBXBuildFile section */
		045FB426244210F900EED2E0 /* Plane.swift in Sources */ = {isa = PBXBuildFile; fileRef = 045FB425244210F900EED2E0 /* Plane.swift */; };
		045FB4282442121F00EED2E0 /* pinkWeb.png in Resources */ = {isa = PBXBuildFile; fileRef = 045FB4272442121F00EED2E0 /* pinkWeb.png */; };
		045FB42A2442182400EED2E0 /* Box.swift in Sources */ = {isa = PBXBuildFile; fileRef = 045FB4292442182400EED2E0 /* Box.swift */; };
		045FB42C24421B4400EED2E0 /* BitMaskCategory.swift in Sources */ = {isa = PBXBuildFile; fileRef = 045FB42B24421B4400EED2E0 /* BitMaskCategory.swift */; };
		045FB42E244220CA00EED2E0 /* VirtualObject.swift in Sources */ = {isa = PBXBuildFile; fileRef = 045FB42D244220CA00EED2E0 /* VirtualObject.swift */; };
		046FD2992441D47C00217428 /* AppDelegate.swift in Sources */ = {isa = PBXBuildFile; fileRef = 046FD2982441D47C00217428 /* AppDelegate.swift */; };
		046FD29B2441D47C00217428 /* art.scnassets in Resources */ = {isa = PBXBuildFile; fileRef = 046FD29A2441D47C00217428 /* art.scnassets */; };
		046FD29D2441D47C00217428 /* ViewController.swift in Sources */ = {isa = PBXBuildFile; fileRef = 046FD29C2441D47C00217428 /* ViewController.swift */; };
		046FD2A02441D47C00217428 /* Main.storyboard in Resources */ = {isa = PBXBuildFile; fileRef = 046FD29E2441D47C00217428 /* Main.storyboard */; };
		046FD2A22441D47D00217428 /* Assets.xcassets in Resources */ = {isa = PBXBuildFile; fileRef = 046FD2A12441D47D00217428 /* Assets.xcassets */; };
		046FD2A52441D47D00217428 /* LaunchScreen.storyboard in Resources */ = {isa = PBXBuildFile; fileRef = 046FD2A32441D47D00217428 /* LaunchScreen.storyboard */; };
/* End PBXBuildFile section */

/* Begin PBXFileReference section */
		045FB425244210F900EED2E0 /* Plane.swift */ = {isa = PBXFileReference; lastKnownFileType = sourcecode.swift; path = Plane.swift; sourceTree = "<group>"; };
		045FB4272442121F00EED2E0 /* pinkWeb.png */ = {isa = PBXFileReference; lastKnownFileType = image.png; path = pinkWeb.png; sourceTree = "<group>"; };
		045FB4292442182400EED2E0 /* Box.swift */ = {isa = PBXFileReference; lastKnownFileType = sourcecode.swift; path = Box.swift; sourceTree = "<group>"; };
		045FB42B24421B4400EED2E0 /* BitMaskCategory.swift */ = {isa = PBXFileReference; lastKnownFileType = sourcecode.swift; path = BitMaskCategory.swift; sourceTree = "<group>"; };
		045FB42D244220CA00EED2E0 /* VirtualObject.swift */ = {isa = PBXFileReference; lastKnownFileType = sourcecode.swift; path = VirtualObject.swift; sourceTree = "<group>"; };
		046FD2952441D47C00217428 /* artest.app */ = {isa = PBXFileReference; explicitFileType = wrapper.application; includeInIndex = 0; path = artest.app; sourceTree = BUILT_PRODUCTS_DIR; };
		046FD2982441D47C00217428 /* AppDelegate.swift */ = {isa = PBXFileReference; lastKnownFileType = sourcecode.swift; path = AppDelegate.swift; sourceTree = "<group>"; };
		046FD29A2441D47C00217428 /* art.scnassets */ = {isa = PBXFileReference; lastKnownFileType = wrapper.scnassets; path = art.scnassets; sourceTree = "<group>"; };
		046FD29C2441D47C00217428 /* ViewController.swift */ = {isa = PBXFileReference; lastKnownFileType = sourcecode.swift; path = ViewController.swift; sourceTree = "<group>"; };
		046FD29F2441D47C00217428 /* Base */ = {isa = PBXFileReference; lastKnownFileType = file.storyboard; name = Base; path = Base.lproj/Main.storyboard; sourceTree = "<group>"; };
		046FD2A12441D47D00217428 /* Assets.xcassets */ = {isa = PBXFileReference; lastKnownFileType = folder.assetcatalog; path = Assets.xcassets; sourceTree = "<group>"; };
		046FD2A42441D47D00217428 /* Base */ = {isa = PBXFileReference; lastKnownFileType = file.storyboard; name = Base; path = Base.lproj/LaunchScreen.storyboard; sourceTree = "<group>"; };
		046FD2A62441D47D00217428 /* Info.plist */ = {isa = PBXFileReference; lastKnownFileType = text.plist.xml; path = Info.plist; sourceTree = "<group>"; };
/* End PBXFileReference section */

/* Begin PBXFrameworksBuildPhase section */
		046FD2922441D47C00217428 /* Frameworks */ = {
			isa = PBXFrameworksBuildPhase;
			buildActionMask = 2147483647;
			files = (
			);
			runOnlyForDeploymentPostprocessing = 0;
		};
/* End PBXFrameworksBuildPhase section */

/* Begin PBXGroup section */
		046FD28C2441D47C00217428 = {
			isa = PBXGroup;
			children = (
				046FD2972441D47C00217428 /* artest */,
				046FD2962441D47C00217428 /* Products */,
			);
			sourceTree = "<group>";
		};
		046FD2962441D47C00217428 /* Products */ = {
			isa = PBXGroup;
			children = (
				046FD2952441D47C00217428 /* artest.app */,
			);
			name = Products;
			sourceTree = "<group>";
		};
		046FD2972441D47C00217428 /* artest */ = {
			isa = PBXGroup;
			children = (
				046FD2982441D47C00217428 /* AppDelegate.swift */,
				045FB4272442121F00EED2E0 /* pinkWeb.png */,
				046FD29A2441D47C00217428 /* art.scnassets */,
				046FD29C2441D47C00217428 /* ViewController.swift */,
				046FD29E2441D47C00217428 /* Main.storyboard */,
				046FD2A12441D47D00217428 /* Assets.xcassets */,
				046FD2A32441D47D00217428 /* LaunchScreen.storyboard */,
				046FD2A62441D47D00217428 /* Info.plist */,
				045FB425244210F900EED2E0 /* Plane.swift */,
				045FB42B24421B4400EED2E0 /* BitMaskCategory.swift */,
				045FB42D244220CA00EED2E0 /* VirtualObject.swift */,
				045FB4292442182400EED2E0 /* Box.swift */,
			);
			path = artest;
			sourceTree = "<group>";
		};
/* End PBXGroup section */

/* Begin PBXNativeTarget section */
		046FD2942441D47C00217428 /* artest */ = {
			isa = PBXNativeTarget;
			buildConfigurationList = 046FD2A92441D47D00217428 /* Build configuration list for PBXNativeTarget "artest" */;
			buildPhases = (
				046FD2912441D47C00217428 /* Sources */,
				046FD2922441D47C00217428 /* Frameworks */,
				046FD2932441D47C00217428 /* Resources */,
			);
			buildRules = (
			);
			dependencies = (
			);
			name = artest;
			productName = artest;
			productReference = 046FD2952441D47C00217428 /* artest.app */;
			productType = "com.apple.product-type.application";
		};
/* End PBXNativeTarget section */

/* Begin PBXProject section */
		046FD28D2441D47C00217428 /* Project object */ = {
			isa = PBXProject;
			attributes = {
				LastSwiftUpdateCheck = 1140;
				LastUpgradeCheck = 1140;
				ORGANIZATIONNAME = Mac;
				TargetAttributes = {
					046FD2942441D47C00217428 = {
						CreatedOnToolsVersion = 11.4;
					};
				};
			};
			buildConfigurationList = 046FD2902441D47C00217428 /* Build configuration list for PBXProject "artest" */;
			compatibilityVersion = "Xcode 9.3";
			developmentRegion = en;
			hasScannedForEncodings = 0;
			knownRegions = (
				en,
				Base,
			);
			mainGroup = 046FD28C2441D47C00217428;
			productRefGroup = 046FD2962441D47C00217428 /* Products */;
			projectDirPath = "";
			projectRoot = "";
			targets = (
				046FD2942441D47C00217428 /* artest */,
			);
		};
/* End PBXProject section */

/* Begin PBXResourcesBuildPhase section */
		046FD2932441D47C00217428 /* Resources */ = {
			isa = PBXResourcesBuildPhase;
			buildActionMask = 2147483647;
			files = (
				046FD29B2441D47C00217428 /* art.scnassets in Resources */,
				045FB4282442121F00EED2E0 /* pinkWeb.png in Resources */,
				046FD2A52441D47D00217428 /* LaunchScreen.storyboard in Resources */,
				046FD2A22441D47D00217428 /* Assets.xcassets in Resources */,
				046FD2A02441D47C00217428 /* Main.storyboard in Resources */,
			);
			runOnlyForDeploymentPostprocessing = 0;
		};
/* End PBXResourcesBuildPhase section */

/* Begin PBXSourcesBuildPhase section */
		046FD2912441D47C00217428 /* Sources */ = {
			isa = PBXSourcesBuildPhase;
			buildActionMask = 2147483647;
			files = (
				046FD29D2441D47C00217428 /* ViewController.swift in Sources */,
				045FB42A2442182400EED2E0 /* Box.swift in Sources */,
				045FB42E244220CA00EED2E0 /* VirtualObject.swift in Sources */,
				045FB42C24421B4400EED2E0 /* BitMaskCategory.swift in Sources */,
				045FB426244210F900EED2E0 /* Plane.swift in Sources */,
				046FD2992441D47C00217428 /* AppDelegate.swift in Sources */,
			);
			runOnlyForDeploymentPostprocessing = 0;
		};
/* End PBXSourcesBuildPhase section */

/* Begin PBXVariantGroup section */
		046FD29E2441D47C00217428 /* Main.storyboard */ = {
			isa = PBXVariantGroup;
			children = (
				046FD29F2441D47C00217428 /* Base */,
			);
			name = Main.storyboard;
			sourceTree = "<group>";
		};
		046FD2A32441D47D00217428 /* LaunchScreen.storyboard */ = {
			isa = PBXVariantGroup;
			children = (
				046FD2A42441D47D00217428 /* Base */,
			);
			name = LaunchScreen.storyboard;
			sourceTree = "<group>";
		};
/* End PBXVariantGroup section */

/* Begin XCBuildConfiguration section */
		046FD2A72441D47D00217428 /* Debug */ = {
			isa = XCBuildConfiguration;
			buildSettings = {
				ALWAYS_SEARCH_USER_PATHS = NO;
				CLANG_ANALYZER_NONNULL = YES;
				CLANG_ANALYZER_NUMBER_OBJECT_CONVERSION = YES_AGGRESSIVE;
				CLANG_CXX_LANGUAGE_STANDARD = "gnu++14";
				CLANG_CXX_LIBRARY = "libc++";
				CLANG_ENABLE_MODULES = YES;
				CLANG_ENABLE_OBJC_ARC = YES;
				CLANG_ENABLE_OBJC_WEAK = YES;
				CLANG_WARN_BLOCK_CAPTURE_AUTORELEASING = YES;
				CLANG_WARN_BOOL_CONVERSION = YES;
				CLANG_WARN_COMMA = YES;
				CLANG_WARN_CONSTANT_CONVERSION = YES;
				CLANG_WARN_DEPRECATED_OBJC_IMPLEMENTATIONS = YES;
				CLANG_WARN_DIRECT_OBJC_ISA_USAGE = YES_ERROR;
				CLANG_WARN_DOCUMENTATION_COMMENTS = YES;
				CLANG_WARN_EMPTY_BODY = YES;
				CLANG_WARN_ENUM_CONVERSION = YES;
				CLANG_WARN_INFINITE_RECURSION = YES;
				CLANG_WARN_INT_CONVERSION = YES;
				CLANG_WARN_NON_LITERAL_NULL_CONVERSION = YES;
				CLANG_WARN_OBJC_IMPLICIT_RETAIN_SELF = YES;
				CLANG_WARN_OBJC_LITERAL_CONVERSION = YES;
				CLANG_WARN_OBJC_ROOT_CLASS = YES_ERROR;
				CLANG_WARN_RANGE_LOOP_ANALYSIS = YES;
				CLANG_WARN_STRICT_PROTOTYPES = YES;
				CLANG_WARN_SUSPICIOUS_MOVE = YES;
				CLANG_WARN_UNGUARDED_AVAILABILITY = YES_AGGRESSIVE;
				CLANG_WARN_UNREACHABLE_CODE = YES;
				CLANG_WARN__DUPLICATE_METHOD_MATCH = YES;
				COPY_PHASE_STRIP = NO;
				DEBUG_INFORMATION_FORMAT = dwarf;
				ENABLE_STRICT_OBJC_MSGSEND = YES;
				ENABLE_TESTABILITY = YES;
				GCC_C_LANGUAGE_STANDARD = gnu11;
				GCC_DYNAMIC_NO_PIC = NO;
				GCC_NO_COMMON_BLOCKS = YES;
				GCC_OPTIMIZATION_LEVEL = 0;
				GCC_PREPROCESSOR_DEFINITIONS = (
					"DEBUG=1",
					"$(inherited)",
				);
				GCC_WARN_64_TO_32_BIT_CONVERSION = YES;
				GCC_WARN_ABOUT_RETURN_TYPE = YES_ERROR;
				GCC_WARN_UNDECLARED_SELECTOR = YES;
				GCC_WARN_UNINITIALIZED_AUTOS = YES_AGGRESSIVE;
				GCC_WARN_UNUSED_FUNCTION = YES;
				GCC_WARN_UNUSED_VARIABLE = YES;
				IPHONEOS_DEPLOYMENT_TARGET = 13.4;
				MTL_ENABLE_DEBUG_INFO = INCLUDE_SOURCE;
				MTL_FAST_MATH = YES;
				ONLY_ACTIVE_ARCH = YES;
				SDKROOT = iphoneos;
				SWIFT_ACTIVE_COMPILATION_CONDITIONS = DEBUG;
				SWIFT_OPTIMIZATION_LEVEL = "-Onone";
			};
			name = Debug;
		};
		046FD2A82441D47D00217428 /* Release */ = {
			isa = XCBuildConfiguration;
			buildSettings = {
				ALWAYS_SEARCH_USER_PATHS = NO;
				CLANG_ANALYZER_NONNULL = YES;
				CLANG_ANALYZER_NUMBER_OBJECT_CONVERSION = YES_AGGRESSIVE;
				CLANG_CXX_LANGUAGE_STANDARD = "gnu++14";
				CLANG_CXX_LIBRARY = "libc++";
				CLANG_ENABLE_MODULES = YES;
				CLANG_ENABLE_OBJC_ARC = YES;
				CLANG_ENABLE_OBJC_WEAK = YES;
				CLANG_WARN_BLOCK_CAPTURE_AUTORELEASING = YES;
				CLANG_WARN_BOOL_CONVERSION = YES;
				CLANG_WARN_COMMA = YES;
				CLANG_WARN_CONSTANT_CONVERSION = YES;
				CLANG_WARN_DEPRECATED_OBJC_IMPLEMENTATIONS = YES;
				CLANG_WARN_DIRECT_OBJC_ISA_USAGE = YES_ERROR;
				CLANG_WARN_DOCUMENTATION_COMMENTS = YES;
				CLANG_WARN_EMPTY_BODY = YES;
				CLANG_WARN_ENUM_CONVERSION = YES;
				CLANG_WARN_INFINITE_RECURSION = YES;
				CLANG_WARN_INT_CONVERSION = YES;
				CLANG_WARN_NON_LITERAL_NULL_CONVERSION = YES;
				CLANG_WARN_OBJC_IMPLICIT_RETAIN_SELF = YES;
				CLANG_WARN_OBJC_LITERAL_CONVERSION = YES;
				CLANG_WARN_OBJC_ROOT_CLASS = YES_ERROR;
				CLANG_WARN_RANGE_LOOP_ANALYSIS = YES;
				CLANG_WARN_STRICT_PROTOTYPES = YES;
				CLANG_WARN_SUSPICIOUS_MOVE = YES;
				CLANG_WARN_UNGUARDED_AVAILABILITY = YES_AGGRESSIVE;
				CLANG_WARN_UNREACHABLE_CODE = YES;
				CLANG_WARN__DUPLICATE_METHOD_MATCH = YES;
				COPY_PHASE_STRIP = NO;
				DEBUG_INFORMATION_FORMAT = "dwarf-with-dsym";
				ENABLE_NS_ASSERTIONS = NO;
				ENABLE_STRICT_OBJC_MSGSEND = YES;
				GCC_C_LANGUAGE_STANDARD = gnu11;
				GCC_NO_COMMON_BLOCKS = YES;
				GCC_WARN_64_TO_32_BIT_CONVERSION = YES;
				GCC_WARN_ABOUT_RETURN_TYPE = YES_ERROR;
				GCC_WARN_UNDECLARED_SELECTOR = YES;
				GCC_WARN_UNINITIALIZED_AUTOS = YES_AGGRESSIVE;
				GCC_WARN_UNUSED_FUNCTION = YES;
				GCC_WARN_UNUSED_VARIABLE = YES;
				IPHONEOS_DEPLOYMENT_TARGET = 13.4;
				MTL_ENABLE_DEBUG_INFO = NO;
				MTL_FAST_MATH = YES;
				SDKROOT = iphoneos;
				SWIFT_COMPILATION_MODE = wholemodule;
				SWIFT_OPTIMIZATION_LEVEL = "-O";
				VALIDATE_PRODUCT = YES;
			};
			name = Release;
		};
		046FD2AA2441D47D00217428 /* Debug */ = {
			isa = XCBuildConfiguration;
			buildSettings = {
				ASSETCATALOG_COMPILER_APPICON_NAME = AppIcon;
				CODE_SIGN_STYLE = Automatic;
				DEVELOPMENT_TEAM = 26UYX5572S;
				INFOPLIST_FILE = artest/Info.plist;
				IPHONEOS_DEPLOYMENT_TARGET = 12.0;
				LD_RUNPATH_SEARCH_PATHS = (
					"$(inherited)",
					"@executable_path/Frameworks",
				);
				PRODUCT_BUNDLE_IDENTIFIER = com.minakov.artest.artest;
				PRODUCT_NAME = "$(TARGET_NAME)";
				SWIFT_VERSION = 5.0;
				TARGETED_DEVICE_FAMILY = "1,2";
			};
			name = Debug;
		};
		046FD2AB2441D47D00217428 /* Release */ = {
			isa = XCBuildConfiguration;
			buildSettings = {
				ASSETCATALOG_COMPILER_APPICON_NAME = AppIcon;
				CODE_SIGN_STYLE = Automatic;
				DEVELOPMENT_TEAM = 26UYX5572S;
				INFOPLIST_FILE = artest/Info.plist;
				IPHONEOS_DEPLOYMENT_TARGET = 12.0;
				LD_RUNPATH_SEARCH_PATHS = (
					"$(inherited)",
					"@executable_path/Frameworks",
				);
				PRODUCT_BUNDLE_IDENTIFIER = com.minakov.artest.artest;
				PRODUCT_NAME = "$(TARGET_NAME)";
				SWIFT_VERSION = 5.0;
				TARGETED_DEVICE_FAMILY = "1,2";
			};
			name = Release;
		};
/* End XCBuildConfiguration section */

/* Begin XCConfigurationList section */
		046FD2902441D47C00217428 /* Build configuration list for PBXProject "artest" */ = {
			isa = XCConfigurationList;
			buildConfigurations = (
				046FD2A72441D47D00217428 /* Debug */,
				046FD2A82441D47D00217428 /* Release */,
			);
			defaultConfigurationIsVisible = 0;
			defaultConfigurationName = Release;
		};
		046FD2A92441D47D00217428 /* Build configuration list for PBXNativeTarget "artest" */ = {
			isa = XCConfigurationList;
			buildConfigurations = (
				046FD2AA2441D47D00217428 /* Debug */,
				046FD2AB2441D47D00217428 /* Release */,
			);
			defaultConfigurationIsVisible = 0;
			defaultConfigurationName = Release;
		};
/* End XCConfigurationList section */
	};
	rootObject = 046FD28D2441D47C00217428 /* Project object */;
}
